// !$*UTF8*$!
{
	archiveVersion = 1;
	classes = {
	};
	objectVersion = 46;
	objects = {

/* Begin PBXBuildFile section */
		BE2380D913FC108D005AAA98 /* libzbar.a in Frameworks */ = {isa = PBXBuildFile; fileRef = BE2380D313FC108D005AAA98 /* libzbar.a */; };
		BE2380DA13FC108D005AAA98 /* zbar-back.png in Resources */ = {isa = PBXBuildFile; fileRef = BE2380D513FC108D005AAA98 /* zbar-back.png */; };
		BE2380DB13FC108D005AAA98 /* zbar-help.html in Resources */ = {isa = PBXBuildFile; fileRef = BE2380D613FC108D005AAA98 /* zbar-help.html */; };
		BE2380DC13FC108D005AAA98 /* zbar-helpicons.png in Resources */ = {isa = PBXBuildFile; fileRef = BE2380D713FC108D005AAA98 /* zbar-helpicons.png */; };
		BE2380DD13FC108D005AAA98 /* zbar-samples.png in Resources */ = {isa = PBXBuildFile; fileRef = BE2380D813FC108D005AAA98 /* zbar-samples.png */; };
		BE2380E113FC1496005AAA98 /* LCBarcodeScannerViewController.m in Sources */ = {isa = PBXBuildFile; fileRef = BE2380E013FC1496005AAA98 /* LCBarcodeScannerViewController.m */; };
		BE2380E713FC18FA005AAA98 /* CoreGraphics.framework in Frameworks */ = {isa = PBXBuildFile; fileRef = BE2380E613FC18F9005AAA98 /* CoreGraphics.framework */; };
		BE2380E913FC19C9005AAA98 /* QuartzCore.framework in Frameworks */ = {isa = PBXBuildFile; fileRef = BE2380E813FC19C9005AAA98 /* QuartzCore.framework */; };
		BE2380EB13FC19FA005AAA98 /* AVFoundation.framework in Frameworks */ = {isa = PBXBuildFile; fileRef = BE2380EA13FC19FA005AAA98 /* AVFoundation.framework */; };
		BE2380ED13FC1A06005AAA98 /* CoreMedia.framework in Frameworks */ = {isa = PBXBuildFile; fileRef = BE2380EC13FC1A06005AAA98 /* CoreMedia.framework */; };
		BE2380EF13FC1A0D005AAA98 /* CoreVideo.framework in Frameworks */ = {isa = PBXBuildFile; fileRef = BE2380EE13FC1A0D005AAA98 /* CoreVideo.framework */; };
		BE2380F113FC1A47005AAA98 /* libiconv.dylib in Frameworks */ = {isa = PBXBuildFile; fileRef = BE2380F013FC1A46005AAA98 /* libiconv.dylib */; };
		BE27FBD513FC4007009279C1 /* CFNetwork.framework in Frameworks */ = {isa = PBXBuildFile; fileRef = BE27FBD413FC4007009279C1 /* CFNetwork.framework */; };
		BE27FCB113FC4196009279C1 /* ASIAuthenticationDialog.m in Sources */ = {isa = PBXBuildFile; fileRef = BE27FC5A13FC4196009279C1 /* ASIAuthenticationDialog.m */; settings = {COMPILER_FLAGS = "-fno-objc-arc"; }; };
		BE27FCB213FC4196009279C1 /* ASIDataCompressor.m in Sources */ = {isa = PBXBuildFile; fileRef = BE27FC5D13FC4196009279C1 /* ASIDataCompressor.m */; settings = {COMPILER_FLAGS = "-fno-objc-arc"; }; };
		BE27FCB313FC4196009279C1 /* ASIDataDecompressor.m in Sources */ = {isa = PBXBuildFile; fileRef = BE27FC5F13FC4196009279C1 /* ASIDataDecompressor.m */; settings = {COMPILER_FLAGS = "-fno-objc-arc"; }; };
		BE27FCB413FC4196009279C1 /* ASIDownloadCache.m in Sources */ = {isa = PBXBuildFile; fileRef = BE27FC6113FC4196009279C1 /* ASIDownloadCache.m */; settings = {COMPILER_FLAGS = "-fno-objc-arc"; }; };
		BE27FCB513FC4196009279C1 /* ASIFormDataRequest.m in Sources */ = {isa = PBXBuildFile; fileRef = BE27FC6313FC4196009279C1 /* ASIFormDataRequest.m */; settings = {COMPILER_FLAGS = "-fno-objc-arc"; }; };
		BE27FCB613FC4196009279C1 /* ASIHTTPRequest.m in Sources */ = {isa = PBXBuildFile; fileRef = BE27FC6513FC4196009279C1 /* ASIHTTPRequest.m */; settings = {COMPILER_FLAGS = "-fno-objc-arc"; }; };
		BE27FCB713FC4196009279C1 /* ASIInputStream.m in Sources */ = {isa = PBXBuildFile; fileRef = BE27FC6913FC4196009279C1 /* ASIInputStream.m */; settings = {COMPILER_FLAGS = "-fno-objc-arc"; }; };
		BE27FCB813FC4196009279C1 /* ASINetworkQueue.m in Sources */ = {isa = PBXBuildFile; fileRef = BE27FC6B13FC4196009279C1 /* ASINetworkQueue.m */; settings = {COMPILER_FLAGS = "-fno-objc-arc"; }; };
		BE27FCB913FC4196009279C1 /* ASIWebPageRequest.m in Sources */ = {isa = PBXBuildFile; fileRef = BE27FC6F13FC4196009279C1 /* ASIWebPageRequest.m */; settings = {COMPILER_FLAGS = "-fno-objc-arc"; }; };
		BE27FCBA13FC4196009279C1 /* ASICloudFilesCDNRequest.m in Sources */ = {isa = PBXBuildFile; fileRef = BE27FC7213FC4196009279C1 /* ASICloudFilesCDNRequest.m */; settings = {COMPILER_FLAGS = "-fno-objc-arc"; }; };
		BE27FCBB13FC4196009279C1 /* ASICloudFilesContainer.m in Sources */ = {isa = PBXBuildFile; fileRef = BE27FC7413FC4196009279C1 /* ASICloudFilesContainer.m */; settings = {COMPILER_FLAGS = "-fno-objc-arc"; }; };
		BE27FCBC13FC4196009279C1 /* ASICloudFilesContainerRequest.m in Sources */ = {isa = PBXBuildFile; fileRef = BE27FC7613FC4196009279C1 /* ASICloudFilesContainerRequest.m */; settings = {COMPILER_FLAGS = "-fno-objc-arc"; }; };
		BE27FCBD13FC4196009279C1 /* ASICloudFilesContainerXMLParserDelegate.m in Sources */ = {isa = PBXBuildFile; fileRef = BE27FC7813FC4196009279C1 /* ASICloudFilesContainerXMLParserDelegate.m */; settings = {COMPILER_FLAGS = "-fno-objc-arc"; }; };
		BE27FCBE13FC4196009279C1 /* ASICloudFilesObject.m in Sources */ = {isa = PBXBuildFile; fileRef = BE27FC7A13FC4196009279C1 /* ASICloudFilesObject.m */; settings = {COMPILER_FLAGS = "-fno-objc-arc"; }; };
		BE27FCBF13FC4196009279C1 /* ASICloudFilesObjectRequest.m in Sources */ = {isa = PBXBuildFile; fileRef = BE27FC7C13FC4196009279C1 /* ASICloudFilesObjectRequest.m */; settings = {COMPILER_FLAGS = "-fno-objc-arc"; }; };
		BE27FCC013FC4196009279C1 /* ASICloudFilesRequest.m in Sources */ = {isa = PBXBuildFile; fileRef = BE27FC7E13FC4196009279C1 /* ASICloudFilesRequest.m */; settings = {COMPILER_FLAGS = "-fno-objc-arc"; }; };
		BE27FCC113FC4196009279C1 /* ASIS3Bucket.m in Sources */ = {isa = PBXBuildFile; fileRef = BE27FC8213FC4196009279C1 /* ASIS3Bucket.m */; settings = {COMPILER_FLAGS = "-fno-objc-arc"; }; };
		BE27FCC213FC4196009279C1 /* ASIS3BucketObject.m in Sources */ = {isa = PBXBuildFile; fileRef = BE27FC8413FC4196009279C1 /* ASIS3BucketObject.m */; settings = {COMPILER_FLAGS = "-fno-objc-arc"; }; };
		BE27FCC313FC4196009279C1 /* ASIS3BucketRequest.m in Sources */ = {isa = PBXBuildFile; fileRef = BE27FC8613FC4196009279C1 /* ASIS3BucketRequest.m */; settings = {COMPILER_FLAGS = "-fno-objc-arc"; }; };
		BE27FCC413FC4196009279C1 /* ASIS3ObjectRequest.m in Sources */ = {isa = PBXBuildFile; fileRef = BE27FC8813FC4196009279C1 /* ASIS3ObjectRequest.m */; settings = {COMPILER_FLAGS = "-fno-objc-arc"; }; };
		BE27FCC513FC4196009279C1 /* ASIS3Request.m in Sources */ = {isa = PBXBuildFile; fileRef = BE27FC8A13FC4196009279C1 /* ASIS3Request.m */; settings = {COMPILER_FLAGS = "-fno-objc-arc"; }; };
		BE27FCC613FC4196009279C1 /* ASIS3ServiceRequest.m in Sources */ = {isa = PBXBuildFile; fileRef = BE27FC8C13FC4196009279C1 /* ASIS3ServiceRequest.m */; settings = {COMPILER_FLAGS = "-fno-objc-arc"; }; };
		BE27FCD613FC4196009279C1 /* README-GHUnit in Resources */ = {isa = PBXBuildFile; fileRef = BE27FCAD13FC4196009279C1 /* README-GHUnit */; };
		BE27FCD713FC4196009279C1 /* Reachability.m in Sources */ = {isa = PBXBuildFile; fileRef = BE27FCB013FC4196009279C1 /* Reachability.m */; settings = {COMPILER_FLAGS = "-fno-objc-arc"; }; };
		BE27FCD913FC4278009279C1 /* libxml2.dylib in Frameworks */ = {isa = PBXBuildFile; fileRef = BE27FCD813FC4278009279C1 /* libxml2.dylib */; };
		BE27FCDB13FC42DC009279C1 /* SystemConfiguration.framework in Frameworks */ = {isa = PBXBuildFile; fileRef = BE27FCDA13FC42DC009279C1 /* SystemConfiguration.framework */; };
		BE27FCDD13FC42F1009279C1 /* MobileCoreServices.framework in Frameworks */ = {isa = PBXBuildFile; fileRef = BE27FCDC13FC42F1009279C1 /* MobileCoreServices.framework */; };
		BE27FCDF13FC42FF009279C1 /* libz.dylib in Frameworks */ = {isa = PBXBuildFile; fileRef = BE27FCDE13FC42FF009279C1 /* libz.dylib */; };
		BE27FCE213FC4591009279C1 /* Book.m in Sources */ = {isa = PBXBuildFile; fileRef = BE27FCE113FC4591009279C1 /* Book.m */; };
		BE27FCFF13FC46B2009279C1 /* NSObject+SBJson.m in Sources */ = {isa = PBXBuildFile; fileRef = BE27FCE713FC46B2009279C1 /* NSObject+SBJson.m */; settings = {COMPILER_FLAGS = "-fno-objc-arc"; }; };
		BE27FD0013FC46B2009279C1 /* SBJsonParser.m in Sources */ = {isa = PBXBuildFile; fileRef = BE27FCEA13FC46B2009279C1 /* SBJsonParser.m */; settings = {COMPILER_FLAGS = "-fno-objc-arc"; }; };
		BE27FD0113FC46B2009279C1 /* SBJsonStreamParser.m in Sources */ = {isa = PBXBuildFile; fileRef = BE27FCEC13FC46B2009279C1 /* SBJsonStreamParser.m */; settings = {COMPILER_FLAGS = "-fno-objc-arc"; }; };
		BE27FD0213FC46B2009279C1 /* SBJsonStreamParserAccumulator.m in Sources */ = {isa = PBXBuildFile; fileRef = BE27FCEE13FC46B2009279C1 /* SBJsonStreamParserAccumulator.m */; settings = {COMPILER_FLAGS = "-fno-objc-arc"; }; };
		BE27FD0313FC46B2009279C1 /* SBJsonStreamParserAdapter.m in Sources */ = {isa = PBXBuildFile; fileRef = BE27FCF013FC46B2009279C1 /* SBJsonStreamParserAdapter.m */; settings = {COMPILER_FLAGS = "-fno-objc-arc"; }; };
		BE27FD0413FC46B2009279C1 /* SBJsonStreamParserState.m in Sources */ = {isa = PBXBuildFile; fileRef = BE27FCF213FC46B2009279C1 /* SBJsonStreamParserState.m */; settings = {COMPILER_FLAGS = "-fno-objc-arc"; }; };
		BE27FD0513FC46B2009279C1 /* SBJsonStreamWriter.m in Sources */ = {isa = PBXBuildFile; fileRef = BE27FCF413FC46B2009279C1 /* SBJsonStreamWriter.m */; settings = {COMPILER_FLAGS = "-fno-objc-arc"; }; };
		BE27FD0613FC46B2009279C1 /* SBJsonStreamWriterAccumulator.m in Sources */ = {isa = PBXBuildFile; fileRef = BE27FCF613FC46B2009279C1 /* SBJsonStreamWriterAccumulator.m */; settings = {COMPILER_FLAGS = "-fno-objc-arc"; }; };
		BE27FD0713FC46B2009279C1 /* SBJsonStreamWriterState.m in Sources */ = {isa = PBXBuildFile; fileRef = BE27FCF813FC46B2009279C1 /* SBJsonStreamWriterState.m */; settings = {COMPILER_FLAGS = "-fno-objc-arc"; }; };
		BE27FD0813FC46B2009279C1 /* SBJsonTokeniser.m in Sources */ = {isa = PBXBuildFile; fileRef = BE27FCFA13FC46B2009279C1 /* SBJsonTokeniser.m */; settings = {COMPILER_FLAGS = "-fno-objc-arc"; }; };
		BE27FD0913FC46B2009279C1 /* SBJsonUTF8Stream.m in Sources */ = {isa = PBXBuildFile; fileRef = BE27FCFC13FC46B2009279C1 /* SBJsonUTF8Stream.m */; settings = {COMPILER_FLAGS = "-fno-objc-arc"; }; };
		BE27FD0A13FC46B2009279C1 /* SBJsonWriter.m in Sources */ = {isa = PBXBuildFile; fileRef = BE27FCFE13FC46B2009279C1 /* SBJsonWriter.m */; settings = {COMPILER_FLAGS = "-fno-objc-arc"; }; };
		BE27FD1913FC4878009279C1 /* MBProgressHUD.m in Sources */ = {isa = PBXBuildFile; fileRef = BE27FD1613FC4878009279C1 /* MBProgressHUD.m */; settings = {COMPILER_FLAGS = "-fno-objc-arc"; }; };
		BE5D970013FCA036001FB9CE /* LCBookLookup.m in Sources */ = {isa = PBXBuildFile; fileRef = BE5D96FF13FCA036001FB9CE /* LCBookLookup.m */; };
		BE876C0713F6874C006C7ECD /* UIKit.framework in Frameworks */ = {isa = PBXBuildFile; fileRef = BE876C0613F6874C006C7ECD /* UIKit.framework */; };
		BE876C0913F6874C006C7ECD /* Foundation.framework in Frameworks */ = {isa = PBXBuildFile; fileRef = BE876C0813F6874C006C7ECD /* Foundation.framework */; };
		BE876C0F13F6874C006C7ECD /* InfoPlist.strings in Resources */ = {isa = PBXBuildFile; fileRef = BE876C0D13F6874C006C7ECD /* InfoPlist.strings */; };
		BE876C1113F6874C006C7ECD /* main.m in Sources */ = {isa = PBXBuildFile; fileRef = BE876C1013F6874C006C7ECD /* main.m */; };
		BE876C1513F6874C006C7ECD /* LCAppDelegate.m in Sources */ = {isa = PBXBuildFile; fileRef = BE876C1413F6874C006C7ECD /* LCAppDelegate.m */; };
		BE876C1813F6874C006C7ECD /* MainStoryboard_iPhone.storyboard in Resources */ = {isa = PBXBuildFile; fileRef = BE876C1613F6874C006C7ECD /* MainStoryboard_iPhone.storyboard */; };
		BE876C1B13F6874C006C7ECD /* MainStoryboard_iPad.storyboard in Resources */ = {isa = PBXBuildFile; fileRef = BE876C1913F6874C006C7ECD /* MainStoryboard_iPad.storyboard */; };
		BE876C1E13F6874C006C7ECD /* LCFirstViewController.m in Sources */ = {isa = PBXBuildFile; fileRef = BE876C1D13F6874C006C7ECD /* LCFirstViewController.m */; };
		BE876C2513F6874C006C7ECD /* LCSecondViewController.m in Sources */ = {isa = PBXBuildFile; fileRef = BE876C2413F6874C006C7ECD /* LCSecondViewController.m */; };
		BE876C3113F6874D006C7ECD /* SenTestingKit.framework in Frameworks */ = {isa = PBXBuildFile; fileRef = BE876C3013F6874D006C7ECD /* SenTestingKit.framework */; };
		BE876C3213F6874D006C7ECD /* UIKit.framework in Frameworks */ = {isa = PBXBuildFile; fileRef = BE876C0613F6874C006C7ECD /* UIKit.framework */; };
		BE876C3313F6874D006C7ECD /* Foundation.framework in Frameworks */ = {isa = PBXBuildFile; fileRef = BE876C0813F6874C006C7ECD /* Foundation.framework */; };
		BE876C3B13F6874D006C7ECD /* InfoPlist.strings in Resources */ = {isa = PBXBuildFile; fileRef = BE876C3913F6874D006C7ECD /* InfoPlist.strings */; };
		BE876C3E13F6874D006C7ECD /* Library_CardTests.m in Sources */ = {isa = PBXBuildFile; fileRef = BE876C3D13F6874D006C7ECD /* Library_CardTests.m */; };
		BE876C4C13F689A6006C7ECD /* CoreData.framework in Frameworks */ = {isa = PBXBuildFile; fileRef = BE876C4B13F689A6006C7ECD /* CoreData.framework */; };
		BE876C5113F69033006C7ECD /* LibraryCard.xcdatamodeld in Sources */ = {isa = PBXBuildFile; fileRef = BE876C4F13F69033006C7ECD /* LibraryCard.xcdatamodeld */; };
		BE876C5713F696AD006C7ECD /* Shelf.m in Sources */ = {isa = PBXBuildFile; fileRef = BE876C5613F696AD006C7ECD /* Shelf.m */; };
		BE876C5A13F69755006C7ECD /* LCBookTableViewController.m in Sources */ = {isa = PBXBuildFile; fileRef = BE876C5913F69755006C7ECD /* LCBookTableViewController.m */; };
		BE876C5E13F6AA8C006C7ECD /* LCLabeledInputCell.m in Sources */ = {isa = PBXBuildFile; fileRef = BE876C5D13F6AA8C006C7ECD /* LCLabeledInputCell.m */; };
		BE876C6413F8E17B006C7ECD /* LCBookListTableViewController.m in Sources */ = {isa = PBXBuildFile; fileRef = BE876C6313F8E17B006C7ECD /* LCBookListTableViewController.m */; };
		BE876C6713F93BD0006C7ECD /* LCBookCell.m in Sources */ = {isa = PBXBuildFile; fileRef = BE876C6613F93BD0006C7ECD /* LCBookCell.m */; };
/* End PBXBuildFile section */

/* Begin PBXContainerItemProxy section */
		BE876C3413F6874D006C7ECD /* PBXContainerItemProxy */ = {
			isa = PBXContainerItemProxy;
			containerPortal = BE876BF913F6874B006C7ECD /* Project object */;
			proxyType = 1;
			remoteGlobalIDString = BE876C0113F6874C006C7ECD;
			remoteInfo = "Library Card";
		};
/* End PBXContainerItemProxy section */

/* Begin PBXFileReference section */
		BE2380BF13FC108D005AAA98 /* Decoder.h */ = {isa = PBXFileReference; fileEncoding = 4; lastKnownFileType = sourcecode.c.h; path = Decoder.h; sourceTree = "<group>"; };
		BE2380C013FC108D005AAA98 /* Exception.h */ = {isa = PBXFileReference; fileEncoding = 4; lastKnownFileType = sourcecode.c.h; path = Exception.h; sourceTree = "<group>"; };
		BE2380C113FC108D005AAA98 /* Image.h */ = {isa = PBXFileReference; fileEncoding = 4; lastKnownFileType = sourcecode.c.h; path = Image.h; sourceTree = "<group>"; };
		BE2380C213FC108D005AAA98 /* ImageScanner.h */ = {isa = PBXFileReference; fileEncoding = 4; lastKnownFileType = sourcecode.c.h; path = ImageScanner.h; sourceTree = "<group>"; };
		BE2380C313FC108D005AAA98 /* Processor.h */ = {isa = PBXFileReference; fileEncoding = 4; lastKnownFileType = sourcecode.c.h; path = Processor.h; sourceTree = "<group>"; };
		BE2380C413FC108D005AAA98 /* Scanner.h */ = {isa = PBXFileReference; fileEncoding = 4; lastKnownFileType = sourcecode.c.h; path = Scanner.h; sourceTree = "<group>"; };
		BE2380C513FC108D005AAA98 /* Symbol.h */ = {isa = PBXFileReference; fileEncoding = 4; lastKnownFileType = sourcecode.c.h; path = Symbol.h; sourceTree = "<group>"; };
		BE2380C613FC108D005AAA98 /* Video.h */ = {isa = PBXFileReference; fileEncoding = 4; lastKnownFileType = sourcecode.c.h; path = Video.h; sourceTree = "<group>"; };
		BE2380C713FC108D005AAA98 /* Window.h */ = {isa = PBXFileReference; fileEncoding = 4; lastKnownFileType = sourcecode.c.h; path = Window.h; sourceTree = "<group>"; };
		BE2380C813FC108D005AAA98 /* zbar.h */ = {isa = PBXFileReference; fileEncoding = 4; lastKnownFileType = sourcecode.c.h; path = zbar.h; sourceTree = "<group>"; };
		BE2380C913FC108D005AAA98 /* ZBarCameraSimulator.h */ = {isa = PBXFileReference; fileEncoding = 4; lastKnownFileType = sourcecode.c.h; path = ZBarCameraSimulator.h; sourceTree = "<group>"; };
		BE2380CA13FC108D005AAA98 /* ZBarCaptureReader.h */ = {isa = PBXFileReference; fileEncoding = 4; lastKnownFileType = sourcecode.c.h; path = ZBarCaptureReader.h; sourceTree = "<group>"; };
		BE2380CB13FC108D005AAA98 /* ZBarHelpController.h */ = {isa = PBXFileReference; fileEncoding = 4; lastKnownFileType = sourcecode.c.h; path = ZBarHelpController.h; sourceTree = "<group>"; };
		BE2380CC13FC108D005AAA98 /* ZBarImage.h */ = {isa = PBXFileReference; fileEncoding = 4; lastKnownFileType = sourcecode.c.h; path = ZBarImage.h; sourceTree = "<group>"; };
		BE2380CD13FC108D005AAA98 /* ZBarImageScanner.h */ = {isa = PBXFileReference; fileEncoding = 4; lastKnownFileType = sourcecode.c.h; path = ZBarImageScanner.h; sourceTree = "<group>"; };
		BE2380CE13FC108D005AAA98 /* ZBarReaderController.h */ = {isa = PBXFileReference; fileEncoding = 4; lastKnownFileType = sourcecode.c.h; path = ZBarReaderController.h; sourceTree = "<group>"; };
		BE2380CF13FC108D005AAA98 /* ZBarReaderView.h */ = {isa = PBXFileReference; fileEncoding = 4; lastKnownFileType = sourcecode.c.h; path = ZBarReaderView.h; sourceTree = "<group>"; };
		BE2380D013FC108D005AAA98 /* ZBarReaderViewController.h */ = {isa = PBXFileReference; fileEncoding = 4; lastKnownFileType = sourcecode.c.h; path = ZBarReaderViewController.h; sourceTree = "<group>"; };
		BE2380D113FC108D005AAA98 /* ZBarSDK.h */ = {isa = PBXFileReference; fileEncoding = 4; lastKnownFileType = sourcecode.c.h; path = ZBarSDK.h; sourceTree = "<group>"; };
		BE2380D213FC108D005AAA98 /* ZBarSymbol.h */ = {isa = PBXFileReference; fileEncoding = 4; lastKnownFileType = sourcecode.c.h; path = ZBarSymbol.h; sourceTree = "<group>"; };
		BE2380D313FC108D005AAA98 /* libzbar.a */ = {isa = PBXFileReference; lastKnownFileType = archive.ar; path = libzbar.a; sourceTree = "<group>"; };
		BE2380D513FC108D005AAA98 /* zbar-back.png */ = {isa = PBXFileReference; lastKnownFileType = image.png; path = "zbar-back.png"; sourceTree = "<group>"; };
		BE2380D613FC108D005AAA98 /* zbar-help.html */ = {isa = PBXFileReference; fileEncoding = 4; lastKnownFileType = text.html; path = "zbar-help.html"; sourceTree = "<group>"; };
		BE2380D713FC108D005AAA98 /* zbar-helpicons.png */ = {isa = PBXFileReference; lastKnownFileType = image.png; path = "zbar-helpicons.png"; sourceTree = "<group>"; };
		BE2380D813FC108D005AAA98 /* zbar-samples.png */ = {isa = PBXFileReference; lastKnownFileType = image.png; path = "zbar-samples.png"; sourceTree = "<group>"; };
		BE2380DF13FC1496005AAA98 /* LCBarcodeScannerViewController.h */ = {isa = PBXFileReference; fileEncoding = 4; lastKnownFileType = sourcecode.c.h; path = LCBarcodeScannerViewController.h; sourceTree = "<group>"; };
		BE2380E013FC1496005AAA98 /* LCBarcodeScannerViewController.m */ = {isa = PBXFileReference; fileEncoding = 4; lastKnownFileType = sourcecode.c.objc; path = LCBarcodeScannerViewController.m; sourceTree = "<group>"; };
		BE2380E613FC18F9005AAA98 /* CoreGraphics.framework */ = {isa = PBXFileReference; lastKnownFileType = wrapper.framework; name = CoreGraphics.framework; path = System/Library/Frameworks/CoreGraphics.framework; sourceTree = SDKROOT; };
		BE2380E813FC19C9005AAA98 /* QuartzCore.framework */ = {isa = PBXFileReference; lastKnownFileType = wrapper.framework; name = QuartzCore.framework; path = System/Library/Frameworks/QuartzCore.framework; sourceTree = SDKROOT; };
		BE2380EA13FC19FA005AAA98 /* AVFoundation.framework */ = {isa = PBXFileReference; lastKnownFileType = wrapper.framework; name = AVFoundation.framework; path = System/Library/Frameworks/AVFoundation.framework; sourceTree = SDKROOT; };
		BE2380EC13FC1A06005AAA98 /* CoreMedia.framework */ = {isa = PBXFileReference; lastKnownFileType = wrapper.framework; name = CoreMedia.framework; path = System/Library/Frameworks/CoreMedia.framework; sourceTree = SDKROOT; };
		BE2380EE13FC1A0D005AAA98 /* CoreVideo.framework */ = {isa = PBXFileReference; lastKnownFileType = wrapper.framework; name = CoreVideo.framework; path = System/Library/Frameworks/CoreVideo.framework; sourceTree = SDKROOT; };
		BE2380F013FC1A46005AAA98 /* libiconv.dylib */ = {isa = PBXFileReference; lastKnownFileType = "compiled.mach-o.dylib"; name = libiconv.dylib; path = usr/lib/libiconv.dylib; sourceTree = SDKROOT; };
		BE27FBD413FC4007009279C1 /* CFNetwork.framework */ = {isa = PBXFileReference; lastKnownFileType = wrapper.framework; name = CFNetwork.framework; path = System/Library/Frameworks/CFNetwork.framework; sourceTree = SDKROOT; };
		BE27FC5913FC4196009279C1 /* ASIAuthenticationDialog.h */ = {isa = PBXFileReference; fileEncoding = 4; lastKnownFileType = sourcecode.c.h; path = ASIAuthenticationDialog.h; sourceTree = "<group>"; };
		BE27FC5A13FC4196009279C1 /* ASIAuthenticationDialog.m */ = {isa = PBXFileReference; fileEncoding = 4; lastKnownFileType = sourcecode.c.objc; path = ASIAuthenticationDialog.m; sourceTree = "<group>"; };
		BE27FC5B13FC4196009279C1 /* ASICacheDelegate.h */ = {isa = PBXFileReference; fileEncoding = 4; lastKnownFileType = sourcecode.c.h; path = ASICacheDelegate.h; sourceTree = "<group>"; };
		BE27FC5C13FC4196009279C1 /* ASIDataCompressor.h */ = {isa = PBXFileReference; fileEncoding = 4; lastKnownFileType = sourcecode.c.h; path = ASIDataCompressor.h; sourceTree = "<group>"; };
		BE27FC5D13FC4196009279C1 /* ASIDataCompressor.m */ = {isa = PBXFileReference; fileEncoding = 4; lastKnownFileType = sourcecode.c.objc; path = ASIDataCompressor.m; sourceTree = "<group>"; };
		BE27FC5E13FC4196009279C1 /* ASIDataDecompressor.h */ = {isa = PBXFileReference; fileEncoding = 4; lastKnownFileType = sourcecode.c.h; path = ASIDataDecompressor.h; sourceTree = "<group>"; };
		BE27FC5F13FC4196009279C1 /* ASIDataDecompressor.m */ = {isa = PBXFileReference; fileEncoding = 4; lastKnownFileType = sourcecode.c.objc; path = ASIDataDecompressor.m; sourceTree = "<group>"; };
		BE27FC6013FC4196009279C1 /* ASIDownloadCache.h */ = {isa = PBXFileReference; fileEncoding = 4; lastKnownFileType = sourcecode.c.h; path = ASIDownloadCache.h; sourceTree = "<group>"; };
		BE27FC6113FC4196009279C1 /* ASIDownloadCache.m */ = {isa = PBXFileReference; fileEncoding = 4; lastKnownFileType = sourcecode.c.objc; path = ASIDownloadCache.m; sourceTree = "<group>"; };
		BE27FC6213FC4196009279C1 /* ASIFormDataRequest.h */ = {isa = PBXFileReference; fileEncoding = 4; lastKnownFileType = sourcecode.c.h; path = ASIFormDataRequest.h; sourceTree = "<group>"; };
		BE27FC6313FC4196009279C1 /* ASIFormDataRequest.m */ = {isa = PBXFileReference; fileEncoding = 4; lastKnownFileType = sourcecode.c.objc; path = ASIFormDataRequest.m; sourceTree = "<group>"; };
		BE27FC6413FC4196009279C1 /* ASIHTTPRequest.h */ = {isa = PBXFileReference; fileEncoding = 4; lastKnownFileType = sourcecode.c.h; path = ASIHTTPRequest.h; sourceTree = "<group>"; };
		BE27FC6513FC4196009279C1 /* ASIHTTPRequest.m */ = {isa = PBXFileReference; fileEncoding = 4; lastKnownFileType = sourcecode.c.objc; path = ASIHTTPRequest.m; sourceTree = "<group>"; };
		BE27FC6613FC4196009279C1 /* ASIHTTPRequestConfig.h */ = {isa = PBXFileReference; fileEncoding = 4; lastKnownFileType = sourcecode.c.h; path = ASIHTTPRequestConfig.h; sourceTree = "<group>"; };
		BE27FC6713FC4196009279C1 /* ASIHTTPRequestDelegate.h */ = {isa = PBXFileReference; fileEncoding = 4; lastKnownFileType = sourcecode.c.h; path = ASIHTTPRequestDelegate.h; sourceTree = "<group>"; };
		BE27FC6813FC4196009279C1 /* ASIInputStream.h */ = {isa = PBXFileReference; fileEncoding = 4; lastKnownFileType = sourcecode.c.h; path = ASIInputStream.h; sourceTree = "<group>"; };
		BE27FC6913FC4196009279C1 /* ASIInputStream.m */ = {isa = PBXFileReference; fileEncoding = 4; lastKnownFileType = sourcecode.c.objc; path = ASIInputStream.m; sourceTree = "<group>"; };
		BE27FC6A13FC4196009279C1 /* ASINetworkQueue.h */ = {isa = PBXFileReference; fileEncoding = 4; lastKnownFileType = sourcecode.c.h; path = ASINetworkQueue.h; sourceTree = "<group>"; };
		BE27FC6B13FC4196009279C1 /* ASINetworkQueue.m */ = {isa = PBXFileReference; fileEncoding = 4; lastKnownFileType = sourcecode.c.objc; path = ASINetworkQueue.m; sourceTree = "<group>"; };
		BE27FC6C13FC4196009279C1 /* ASIProgressDelegate.h */ = {isa = PBXFileReference; fileEncoding = 4; lastKnownFileType = sourcecode.c.h; path = ASIProgressDelegate.h; sourceTree = "<group>"; };
		BE27FC6E13FC4196009279C1 /* ASIWebPageRequest.h */ = {isa = PBXFileReference; fileEncoding = 4; lastKnownFileType = sourcecode.c.h; path = ASIWebPageRequest.h; sourceTree = "<group>"; };
		BE27FC6F13FC4196009279C1 /* ASIWebPageRequest.m */ = {isa = PBXFileReference; fileEncoding = 4; lastKnownFileType = sourcecode.c.objc; path = ASIWebPageRequest.m; sourceTree = "<group>"; };
		BE27FC7113FC4196009279C1 /* ASICloudFilesCDNRequest.h */ = {isa = PBXFileReference; fileEncoding = 4; lastKnownFileType = sourcecode.c.h; path = ASICloudFilesCDNRequest.h; sourceTree = "<group>"; };
		BE27FC7213FC4196009279C1 /* ASICloudFilesCDNRequest.m */ = {isa = PBXFileReference; fileEncoding = 4; lastKnownFileType = sourcecode.c.objc; path = ASICloudFilesCDNRequest.m; sourceTree = "<group>"; };
		BE27FC7313FC4196009279C1 /* ASICloudFilesContainer.h */ = {isa = PBXFileReference; fileEncoding = 4; lastKnownFileType = sourcecode.c.h; path = ASICloudFilesContainer.h; sourceTree = "<group>"; };
		BE27FC7413FC4196009279C1 /* ASICloudFilesContainer.m */ = {isa = PBXFileReference; fileEncoding = 4; lastKnownFileType = sourcecode.c.objc; path = ASICloudFilesContainer.m; sourceTree = "<group>"; };
		BE27FC7513FC4196009279C1 /* ASICloudFilesContainerRequest.h */ = {isa = PBXFileReference; fileEncoding = 4; lastKnownFileType = sourcecode.c.h; path = ASICloudFilesContainerRequest.h; sourceTree = "<group>"; };
		BE27FC7613FC4196009279C1 /* ASICloudFilesContainerRequest.m */ = {isa = PBXFileReference; fileEncoding = 4; lastKnownFileType = sourcecode.c.objc; path = ASICloudFilesContainerRequest.m; sourceTree = "<group>"; };
		BE27FC7713FC4196009279C1 /* ASICloudFilesContainerXMLParserDelegate.h */ = {isa = PBXFileReference; fileEncoding = 4; lastKnownFileType = sourcecode.c.h; path = ASICloudFilesContainerXMLParserDelegate.h; sourceTree = "<group>"; };
		BE27FC7813FC4196009279C1 /* ASICloudFilesContainerXMLParserDelegate.m */ = {isa = PBXFileReference; fileEncoding = 4; lastKnownFileType = sourcecode.c.objc; path = ASICloudFilesContainerXMLParserDelegate.m; sourceTree = "<group>"; };
		BE27FC7913FC4196009279C1 /* ASICloudFilesObject.h */ = {isa = PBXFileReference; fileEncoding = 4; lastKnownFileType = sourcecode.c.h; path = ASICloudFilesObject.h; sourceTree = "<group>"; };
		BE27FC7A13FC4196009279C1 /* ASICloudFilesObject.m */ = {isa = PBXFileReference; fileEncoding = 4; lastKnownFileType = sourcecode.c.objc; path = ASICloudFilesObject.m; sourceTree = "<group>"; };
		BE27FC7B13FC4196009279C1 /* ASICloudFilesObjectRequest.h */ = {isa = PBXFileReference; fileEncoding = 4; lastKnownFileType = sourcecode.c.h; path = ASICloudFilesObjectRequest.h; sourceTree = "<group>"; };
		BE27FC7C13FC4196009279C1 /* ASICloudFilesObjectRequest.m */ = {isa = PBXFileReference; fileEncoding = 4; lastKnownFileType = sourcecode.c.objc; path = ASICloudFilesObjectRequest.m; sourceTree = "<group>"; };
		BE27FC7D13FC4196009279C1 /* ASICloudFilesRequest.h */ = {isa = PBXFileReference; fileEncoding = 4; lastKnownFileType = sourcecode.c.h; path = ASICloudFilesRequest.h; sourceTree = "<group>"; };
		BE27FC7E13FC4196009279C1 /* ASICloudFilesRequest.m */ = {isa = PBXFileReference; fileEncoding = 4; lastKnownFileType = sourcecode.c.objc; path = ASICloudFilesRequest.m; sourceTree = "<group>"; };
		BE27FC8013FC4196009279C1 /* ASINSXMLParserCompat.h */ = {isa = PBXFileReference; fileEncoding = 4; lastKnownFileType = sourcecode.c.h; path = ASINSXMLParserCompat.h; sourceTree = "<group>"; };
		BE27FC8113FC4196009279C1 /* ASIS3Bucket.h */ = {isa = PBXFileReference; fileEncoding = 4; lastKnownFileType = sourcecode.c.h; path = ASIS3Bucket.h; sourceTree = "<group>"; };
		BE27FC8213FC4196009279C1 /* ASIS3Bucket.m */ = {isa = PBXFileReference; fileEncoding = 4; lastKnownFileType = sourcecode.c.objc; path = ASIS3Bucket.m; sourceTree = "<group>"; };
		BE27FC8313FC4196009279C1 /* ASIS3BucketObject.h */ = {isa = PBXFileReference; fileEncoding = 4; lastKnownFileType = sourcecode.c.h; path = ASIS3BucketObject.h; sourceTree = "<group>"; };
		BE27FC8413FC4196009279C1 /* ASIS3BucketObject.m */ = {isa = PBXFileReference; fileEncoding = 4; lastKnownFileType = sourcecode.c.objc; path = ASIS3BucketObject.m; sourceTree = "<group>"; };
		BE27FC8513FC4196009279C1 /* ASIS3BucketRequest.h */ = {isa = PBXFileReference; fileEncoding = 4; lastKnownFileType = sourcecode.c.h; path = ASIS3BucketRequest.h; sourceTree = "<group>"; };
		BE27FC8613FC4196009279C1 /* ASIS3BucketRequest.m */ = {isa = PBXFileReference; fileEncoding = 4; lastKnownFileType = sourcecode.c.objc; path = ASIS3BucketRequest.m; sourceTree = "<group>"; };
		BE27FC8713FC4196009279C1 /* ASIS3ObjectRequest.h */ = {isa = PBXFileReference; fileEncoding = 4; lastKnownFileType = sourcecode.c.h; path = ASIS3ObjectRequest.h; sourceTree = "<group>"; };
		BE27FC8813FC4196009279C1 /* ASIS3ObjectRequest.m */ = {isa = PBXFileReference; fileEncoding = 4; lastKnownFileType = sourcecode.c.objc; path = ASIS3ObjectRequest.m; sourceTree = "<group>"; };
		BE27FC8913FC4196009279C1 /* ASIS3Request.h */ = {isa = PBXFileReference; fileEncoding = 4; lastKnownFileType = sourcecode.c.h; path = ASIS3Request.h; sourceTree = "<group>"; };
		BE27FC8A13FC4196009279C1 /* ASIS3Request.m */ = {isa = PBXFileReference; fileEncoding = 4; lastKnownFileType = sourcecode.c.objc; path = ASIS3Request.m; sourceTree = "<group>"; };
		BE27FC8B13FC4196009279C1 /* ASIS3ServiceRequest.h */ = {isa = PBXFileReference; fileEncoding = 4; lastKnownFileType = sourcecode.c.h; path = ASIS3ServiceRequest.h; sourceTree = "<group>"; };
		BE27FC8C13FC4196009279C1 /* ASIS3ServiceRequest.m */ = {isa = PBXFileReference; fileEncoding = 4; lastKnownFileType = sourcecode.c.objc; path = ASIS3ServiceRequest.m; sourceTree = "<group>"; };
		BE27FCAD13FC4196009279C1 /* README-GHUnit */ = {isa = PBXFileReference; fileEncoding = 4; lastKnownFileType = text; path = "README-GHUnit"; sourceTree = "<group>"; };
		BE27FCAF13FC4196009279C1 /* Reachability.h */ = {isa = PBXFileReference; fileEncoding = 4; lastKnownFileType = sourcecode.c.h; path = Reachability.h; sourceTree = "<group>"; };
		BE27FCB013FC4196009279C1 /* Reachability.m */ = {isa = PBXFileReference; fileEncoding = 4; lastKnownFileType = sourcecode.c.objc; path = Reachability.m; sourceTree = "<group>"; };
		BE27FCD813FC4278009279C1 /* libxml2.dylib */ = {isa = PBXFileReference; lastKnownFileType = "compiled.mach-o.dylib"; name = libxml2.dylib; path = usr/lib/libxml2.dylib; sourceTree = SDKROOT; };
		BE27FCDA13FC42DC009279C1 /* SystemConfiguration.framework */ = {isa = PBXFileReference; lastKnownFileType = wrapper.framework; name = SystemConfiguration.framework; path = System/Library/Frameworks/SystemConfiguration.framework; sourceTree = SDKROOT; };
		BE27FCDC13FC42F1009279C1 /* MobileCoreServices.framework */ = {isa = PBXFileReference; lastKnownFileType = wrapper.framework; name = MobileCoreServices.framework; path = System/Library/Frameworks/MobileCoreServices.framework; sourceTree = SDKROOT; };
		BE27FCDE13FC42FF009279C1 /* libz.dylib */ = {isa = PBXFileReference; lastKnownFileType = "compiled.mach-o.dylib"; name = libz.dylib; path = usr/lib/libz.dylib; sourceTree = SDKROOT; };
		BE27FCE013FC4591009279C1 /* Book.h */ = {isa = PBXFileReference; fileEncoding = 4; lastKnownFileType = sourcecode.c.h; path = Book.h; sourceTree = "<group>"; };
		BE27FCE113FC4591009279C1 /* Book.m */ = {isa = PBXFileReference; fileEncoding = 4; lastKnownFileType = sourcecode.c.objc; path = Book.m; sourceTree = "<group>"; };
		BE27FCE513FC46B2009279C1 /* JSON.h */ = {isa = PBXFileReference; fileEncoding = 4; lastKnownFileType = sourcecode.c.h; path = JSON.h; sourceTree = "<group>"; };
		BE27FCE613FC46B2009279C1 /* NSObject+SBJson.h */ = {isa = PBXFileReference; fileEncoding = 4; lastKnownFileType = sourcecode.c.h; path = "NSObject+SBJson.h"; sourceTree = "<group>"; };
		BE27FCE713FC46B2009279C1 /* NSObject+SBJson.m */ = {isa = PBXFileReference; fileEncoding = 4; lastKnownFileType = sourcecode.c.objc; path = "NSObject+SBJson.m"; sourceTree = "<group>"; };
		BE27FCE813FC46B2009279C1 /* SBJson.h */ = {isa = PBXFileReference; fileEncoding = 4; lastKnownFileType = sourcecode.c.h; path = SBJson.h; sourceTree = "<group>"; };
		BE27FCE913FC46B2009279C1 /* SBJsonParser.h */ = {isa = PBXFileReference; fileEncoding = 4; lastKnownFileType = sourcecode.c.h; path = SBJsonParser.h; sourceTree = "<group>"; };
		BE27FCEA13FC46B2009279C1 /* SBJsonParser.m */ = {isa = PBXFileReference; fileEncoding = 4; lastKnownFileType = sourcecode.c.objc; path = SBJsonParser.m; sourceTree = "<group>"; };
		BE27FCEB13FC46B2009279C1 /* SBJsonStreamParser.h */ = {isa = PBXFileReference; fileEncoding = 4; lastKnownFileType = sourcecode.c.h; path = SBJsonStreamParser.h; sourceTree = "<group>"; };
		BE27FCEC13FC46B2009279C1 /* SBJsonStreamParser.m */ = {isa = PBXFileReference; fileEncoding = 4; lastKnownFileType = sourcecode.c.objc; path = SBJsonStreamParser.m; sourceTree = "<group>"; };
		BE27FCED13FC46B2009279C1 /* SBJsonStreamParserAccumulator.h */ = {isa = PBXFileReference; fileEncoding = 4; lastKnownFileType = sourcecode.c.h; path = SBJsonStreamParserAccumulator.h; sourceTree = "<group>"; };
		BE27FCEE13FC46B2009279C1 /* SBJsonStreamParserAccumulator.m */ = {isa = PBXFileReference; fileEncoding = 4; lastKnownFileType = sourcecode.c.objc; path = SBJsonStreamParserAccumulator.m; sourceTree = "<group>"; };
		BE27FCEF13FC46B2009279C1 /* SBJsonStreamParserAdapter.h */ = {isa = PBXFileReference; fileEncoding = 4; lastKnownFileType = sourcecode.c.h; path = SBJsonStreamParserAdapter.h; sourceTree = "<group>"; };
		BE27FCF013FC46B2009279C1 /* SBJsonStreamParserAdapter.m */ = {isa = PBXFileReference; fileEncoding = 4; lastKnownFileType = sourcecode.c.objc; path = SBJsonStreamParserAdapter.m; sourceTree = "<group>"; };
		BE27FCF113FC46B2009279C1 /* SBJsonStreamParserState.h */ = {isa = PBXFileReference; fileEncoding = 4; lastKnownFileType = sourcecode.c.h; path = SBJsonStreamParserState.h; sourceTree = "<group>"; };
		BE27FCF213FC46B2009279C1 /* SBJsonStreamParserState.m */ = {isa = PBXFileReference; fileEncoding = 4; lastKnownFileType = sourcecode.c.objc; path = SBJsonStreamParserState.m; sourceTree = "<group>"; };
		BE27FCF313FC46B2009279C1 /* SBJsonStreamWriter.h */ = {isa = PBXFileReference; fileEncoding = 4; lastKnownFileType = sourcecode.c.h; path = SBJsonStreamWriter.h; sourceTree = "<group>"; };
		BE27FCF413FC46B2009279C1 /* SBJsonStreamWriter.m */ = {isa = PBXFileReference; fileEncoding = 4; lastKnownFileType = sourcecode.c.objc; path = SBJsonStreamWriter.m; sourceTree = "<group>"; };
		BE27FCF513FC46B2009279C1 /* SBJsonStreamWriterAccumulator.h */ = {isa = PBXFileReference; fileEncoding = 4; lastKnownFileType = sourcecode.c.h; path = SBJsonStreamWriterAccumulator.h; sourceTree = "<group>"; };
		BE27FCF613FC46B2009279C1 /* SBJsonStreamWriterAccumulator.m */ = {isa = PBXFileReference; fileEncoding = 4; lastKnownFileType = sourcecode.c.objc; path = SBJsonStreamWriterAccumulator.m; sourceTree = "<group>"; };
		BE27FCF713FC46B2009279C1 /* SBJsonStreamWriterState.h */ = {isa = PBXFileReference; fileEncoding = 4; lastKnownFileType = sourcecode.c.h; path = SBJsonStreamWriterState.h; sourceTree = "<group>"; };
		BE27FCF813FC46B2009279C1 /* SBJsonStreamWriterState.m */ = {isa = PBXFileReference; fileEncoding = 4; lastKnownFileType = sourcecode.c.objc; path = SBJsonStreamWriterState.m; sourceTree = "<group>"; };
		BE27FCF913FC46B2009279C1 /* SBJsonTokeniser.h */ = {isa = PBXFileReference; fileEncoding = 4; lastKnownFileType = sourcecode.c.h; path = SBJsonTokeniser.h; sourceTree = "<group>"; };
		BE27FCFA13FC46B2009279C1 /* SBJsonTokeniser.m */ = {isa = PBXFileReference; fileEncoding = 4; lastKnownFileType = sourcecode.c.objc; path = SBJsonTokeniser.m; sourceTree = "<group>"; };
		BE27FCFB13FC46B2009279C1 /* SBJsonUTF8Stream.h */ = {isa = PBXFileReference; fileEncoding = 4; lastKnownFileType = sourcecode.c.h; path = SBJsonUTF8Stream.h; sourceTree = "<group>"; };
		BE27FCFC13FC46B2009279C1 /* SBJsonUTF8Stream.m */ = {isa = PBXFileReference; fileEncoding = 4; lastKnownFileType = sourcecode.c.objc; path = SBJsonUTF8Stream.m; sourceTree = "<group>"; };
		BE27FCFD13FC46B2009279C1 /* SBJsonWriter.h */ = {isa = PBXFileReference; fileEncoding = 4; lastKnownFileType = sourcecode.c.h; path = SBJsonWriter.h; sourceTree = "<group>"; };
		BE27FCFE13FC46B2009279C1 /* SBJsonWriter.m */ = {isa = PBXFileReference; fileEncoding = 4; lastKnownFileType = sourcecode.c.objc; path = SBJsonWriter.m; sourceTree = "<group>"; };
		BE27FD1513FC4878009279C1 /* MBProgressHUD.h */ = {isa = PBXFileReference; fileEncoding = 4; lastKnownFileType = sourcecode.c.h; path = MBProgressHUD.h; sourceTree = "<group>"; };
		BE27FD1613FC4878009279C1 /* MBProgressHUD.m */ = {isa = PBXFileReference; fileEncoding = 4; lastKnownFileType = sourcecode.c.objc; path = MBProgressHUD.m; sourceTree = "<group>"; };
		BE5D96FE13FCA036001FB9CE /* LCBookLookup.h */ = {isa = PBXFileReference; fileEncoding = 4; lastKnownFileType = sourcecode.c.h; path = LCBookLookup.h; sourceTree = "<group>"; };
		BE5D96FF13FCA036001FB9CE /* LCBookLookup.m */ = {isa = PBXFileReference; fileEncoding = 4; lastKnownFileType = sourcecode.c.objc; path = LCBookLookup.m; sourceTree = "<group>"; };
		BE876C0213F6874C006C7ECD /* Library Card.app */ = {isa = PBXFileReference; explicitFileType = wrapper.application; includeInIndex = 0; path = "Library Card.app"; sourceTree = BUILT_PRODUCTS_DIR; };
		BE876C0613F6874C006C7ECD /* UIKit.framework */ = {isa = PBXFileReference; lastKnownFileType = wrapper.framework; name = UIKit.framework; path = System/Library/Frameworks/UIKit.framework; sourceTree = SDKROOT; };
		BE876C0813F6874C006C7ECD /* Foundation.framework */ = {isa = PBXFileReference; lastKnownFileType = wrapper.framework; name = Foundation.framework; path = System/Library/Frameworks/Foundation.framework; sourceTree = SDKROOT; };
		BE876C0C13F6874C006C7ECD /* Library Card-Info.plist */ = {isa = PBXFileReference; lastKnownFileType = text.plist.xml; path = "Library Card-Info.plist"; sourceTree = "<group>"; };
		BE876C0E13F6874C006C7ECD /* en */ = {isa = PBXFileReference; lastKnownFileType = text.plist.strings; name = en; path = en.lproj/InfoPlist.strings; sourceTree = "<group>"; };
		BE876C1013F6874C006C7ECD /* main.m */ = {isa = PBXFileReference; lastKnownFileType = sourcecode.c.objc; path = main.m; sourceTree = "<group>"; };
		BE876C1213F6874C006C7ECD /* Library Card-Prefix.pch */ = {isa = PBXFileReference; lastKnownFileType = sourcecode.c.h; path = "Library Card-Prefix.pch"; sourceTree = "<group>"; };
		BE876C1313F6874C006C7ECD /* LCAppDelegate.h */ = {isa = PBXFileReference; lastKnownFileType = sourcecode.c.h; path = LCAppDelegate.h; sourceTree = "<group>"; };
		BE876C1413F6874C006C7ECD /* LCAppDelegate.m */ = {isa = PBXFileReference; lastKnownFileType = sourcecode.c.objc; path = LCAppDelegate.m; sourceTree = "<group>"; };
		BE876C1713F6874C006C7ECD /* en */ = {isa = PBXFileReference; lastKnownFileType = file.storyboard; name = en; path = en.lproj/MainStoryboard_iPhone.storyboard; sourceTree = "<group>"; };
		BE876C1A13F6874C006C7ECD /* en */ = {isa = PBXFileReference; lastKnownFileType = file.storyboard; name = en; path = en.lproj/MainStoryboard_iPad.storyboard; sourceTree = "<group>"; };
		BE876C1C13F6874C006C7ECD /* LCFirstViewController.h */ = {isa = PBXFileReference; lastKnownFileType = sourcecode.c.h; path = LCFirstViewController.h; sourceTree = "<group>"; };
		BE876C1D13F6874C006C7ECD /* LCFirstViewController.m */ = {isa = PBXFileReference; lastKnownFileType = sourcecode.c.objc; path = LCFirstViewController.m; sourceTree = "<group>"; };
		BE876C2313F6874C006C7ECD /* LCSecondViewController.h */ = {isa = PBXFileReference; lastKnownFileType = sourcecode.c.h; path = LCSecondViewController.h; sourceTree = "<group>"; };
		BE876C2413F6874C006C7ECD /* LCSecondViewController.m */ = {isa = PBXFileReference; lastKnownFileType = sourcecode.c.objc; path = LCSecondViewController.m; sourceTree = "<group>"; };
		BE876C2F13F6874D006C7ECD /* Library CardTests.octest */ = {isa = PBXFileReference; explicitFileType = wrapper.cfbundle; includeInIndex = 0; path = "Library CardTests.octest"; sourceTree = BUILT_PRODUCTS_DIR; };
		BE876C3013F6874D006C7ECD /* SenTestingKit.framework */ = {isa = PBXFileReference; lastKnownFileType = wrapper.framework; name = SenTestingKit.framework; path = Library/Frameworks/SenTestingKit.framework; sourceTree = DEVELOPER_DIR; };
		BE876C3813F6874D006C7ECD /* Library CardTests-Info.plist */ = {isa = PBXFileReference; lastKnownFileType = text.plist.xml; path = "Library CardTests-Info.plist"; sourceTree = "<group>"; };
		BE876C3A13F6874D006C7ECD /* en */ = {isa = PBXFileReference; lastKnownFileType = text.plist.strings; name = en; path = en.lproj/InfoPlist.strings; sourceTree = "<group>"; };
		BE876C3C13F6874D006C7ECD /* Library_CardTests.h */ = {isa = PBXFileReference; lastKnownFileType = sourcecode.c.h; path = Library_CardTests.h; sourceTree = "<group>"; };
		BE876C3D13F6874D006C7ECD /* Library_CardTests.m */ = {isa = PBXFileReference; lastKnownFileType = sourcecode.c.objc; path = Library_CardTests.m; sourceTree = "<group>"; };
		BE876C4B13F689A6006C7ECD /* CoreData.framework */ = {isa = PBXFileReference; lastKnownFileType = wrapper.framework; name = CoreData.framework; path = System/Library/Frameworks/CoreData.framework; sourceTree = SDKROOT; };
		BE876C5013F69033006C7ECD /* LibraryCard.xcdatamodel */ = {isa = PBXFileReference; lastKnownFileType = wrapper.xcdatamodel; path = LibraryCard.xcdatamodel; sourceTree = "<group>"; };
		BE876C5513F696AD006C7ECD /* Shelf.h */ = {isa = PBXFileReference; fileEncoding = 4; lastKnownFileType = sourcecode.c.h; path = Shelf.h; sourceTree = "<group>"; };
		BE876C5613F696AD006C7ECD /* Shelf.m */ = {isa = PBXFileReference; fileEncoding = 4; lastKnownFileType = sourcecode.c.objc; path = Shelf.m; sourceTree = "<group>"; };
		BE876C5813F69755006C7ECD /* LCBookTableViewController.h */ = {isa = PBXFileReference; fileEncoding = 4; lastKnownFileType = sourcecode.c.h; path = LCBookTableViewController.h; sourceTree = "<group>"; };
		BE876C5913F69755006C7ECD /* LCBookTableViewController.m */ = {isa = PBXFileReference; fileEncoding = 4; lastKnownFileType = sourcecode.c.objc; path = LCBookTableViewController.m; sourceTree = "<group>"; };
		BE876C5C13F6AA8C006C7ECD /* LCLabeledInputCell.h */ = {isa = PBXFileReference; fileEncoding = 4; lastKnownFileType = sourcecode.c.h; path = LCLabeledInputCell.h; sourceTree = "<group>"; };
		BE876C5D13F6AA8C006C7ECD /* LCLabeledInputCell.m */ = {isa = PBXFileReference; fileEncoding = 4; lastKnownFileType = sourcecode.c.objc; path = LCLabeledInputCell.m; sourceTree = "<group>"; };
		BE876C6213F8E17B006C7ECD /* LCBookListTableViewController.h */ = {isa = PBXFileReference; fileEncoding = 4; lastKnownFileType = sourcecode.c.h; path = LCBookListTableViewController.h; sourceTree = "<group>"; };
		BE876C6313F8E17B006C7ECD /* LCBookListTableViewController.m */ = {isa = PBXFileReference; fileEncoding = 4; lastKnownFileType = sourcecode.c.objc; path = LCBookListTableViewController.m; sourceTree = "<group>"; };
		BE876C6513F93BD0006C7ECD /* LCBookCell.h */ = {isa = PBXFileReference; fileEncoding = 4; lastKnownFileType = sourcecode.c.h; path = LCBookCell.h; sourceTree = "<group>"; };
		BE876C6613F93BD0006C7ECD /* LCBookCell.m */ = {isa = PBXFileReference; fileEncoding = 4; lastKnownFileType = sourcecode.c.objc; path = LCBookCell.m; sourceTree = "<group>"; };
/* End PBXFileReference section */

/* Begin PBXFrameworksBuildPhase section */
		BE876BFF13F6874C006C7ECD /* Frameworks */ = {
			isa = PBXFrameworksBuildPhase;
			buildActionMask = 2147483647;
			files = (
				BE27FCDF13FC42FF009279C1 /* libz.dylib in Frameworks */,
				BE27FCDD13FC42F1009279C1 /* MobileCoreServices.framework in Frameworks */,
				BE27FCDB13FC42DC009279C1 /* SystemConfiguration.framework in Frameworks */,
				BE27FCD913FC4278009279C1 /* libxml2.dylib in Frameworks */,
				BE27FBD513FC4007009279C1 /* CFNetwork.framework in Frameworks */,
				BE2380F113FC1A47005AAA98 /* libiconv.dylib in Frameworks */,
				BE2380EF13FC1A0D005AAA98 /* CoreVideo.framework in Frameworks */,
				BE2380ED13FC1A06005AAA98 /* CoreMedia.framework in Frameworks */,
				BE2380EB13FC19FA005AAA98 /* AVFoundation.framework in Frameworks */,
				BE2380E913FC19C9005AAA98 /* QuartzCore.framework in Frameworks */,
				BE2380E713FC18FA005AAA98 /* CoreGraphics.framework in Frameworks */,
				BE876C4C13F689A6006C7ECD /* CoreData.framework in Frameworks */,
				BE876C0713F6874C006C7ECD /* UIKit.framework in Frameworks */,
				BE876C0913F6874C006C7ECD /* Foundation.framework in Frameworks */,
				BE2380D913FC108D005AAA98 /* libzbar.a in Frameworks */,
			);
			runOnlyForDeploymentPostprocessing = 0;
		};
		BE876C2B13F6874D006C7ECD /* Frameworks */ = {
			isa = PBXFrameworksBuildPhase;
			buildActionMask = 2147483647;
			files = (
				BE876C3113F6874D006C7ECD /* SenTestingKit.framework in Frameworks */,
				BE876C3213F6874D006C7ECD /* UIKit.framework in Frameworks */,
				BE876C3313F6874D006C7ECD /* Foundation.framework in Frameworks */,
			);
			runOnlyForDeploymentPostprocessing = 0;
		};
/* End PBXFrameworksBuildPhase section */

/* Begin PBXGroup section */
		BE2380BB13FC108D005AAA98 /* ZBarSDK */ = {
			isa = PBXGroup;
			children = (
				BE2380BC13FC108D005AAA98 /* Headers */,
				BE2380D313FC108D005AAA98 /* libzbar.a */,
				BE2380D413FC108D005AAA98 /* Resources */,
			);
			path = ZBarSDK;
			sourceTree = "<group>";
		};
		BE2380BC13FC108D005AAA98 /* Headers */ = {
			isa = PBXGroup;
			children = (
				BE2380BD13FC108D005AAA98 /* ZBarSDK */,
			);
			path = Headers;
			sourceTree = "<group>";
		};
		BE2380BD13FC108D005AAA98 /* ZBarSDK */ = {
			isa = PBXGroup;
			children = (
				BE2380BE13FC108D005AAA98 /* zbar */,
				BE2380C813FC108D005AAA98 /* zbar.h */,
				BE2380C913FC108D005AAA98 /* ZBarCameraSimulator.h */,
				BE2380CA13FC108D005AAA98 /* ZBarCaptureReader.h */,
				BE2380CB13FC108D005AAA98 /* ZBarHelpController.h */,
				BE2380CC13FC108D005AAA98 /* ZBarImage.h */,
				BE2380CD13FC108D005AAA98 /* ZBarImageScanner.h */,
				BE2380CE13FC108D005AAA98 /* ZBarReaderController.h */,
				BE2380CF13FC108D005AAA98 /* ZBarReaderView.h */,
				BE2380D013FC108D005AAA98 /* ZBarReaderViewController.h */,
				BE2380D113FC108D005AAA98 /* ZBarSDK.h */,
				BE2380D213FC108D005AAA98 /* ZBarSymbol.h */,
			);
			path = ZBarSDK;
			sourceTree = "<group>";
		};
		BE2380BE13FC108D005AAA98 /* zbar */ = {
			isa = PBXGroup;
			children = (
				BE2380BF13FC108D005AAA98 /* Decoder.h */,
				BE2380C013FC108D005AAA98 /* Exception.h */,
				BE2380C113FC108D005AAA98 /* Image.h */,
				BE2380C213FC108D005AAA98 /* ImageScanner.h */,
				BE2380C313FC108D005AAA98 /* Processor.h */,
				BE2380C413FC108D005AAA98 /* Scanner.h */,
				BE2380C513FC108D005AAA98 /* Symbol.h */,
				BE2380C613FC108D005AAA98 /* Video.h */,
				BE2380C713FC108D005AAA98 /* Window.h */,
			);
			path = zbar;
			sourceTree = "<group>";
		};
		BE2380D413FC108D005AAA98 /* Resources */ = {
			isa = PBXGroup;
			children = (
				BE2380D513FC108D005AAA98 /* zbar-back.png */,
				BE2380D613FC108D005AAA98 /* zbar-help.html */,
				BE2380D713FC108D005AAA98 /* zbar-helpicons.png */,
				BE2380D813FC108D005AAA98 /* zbar-samples.png */,
			);
			path = Resources;
			sourceTree = "<group>";
		};
		BE27FBD713FC4019009279C1 /* ASIHTTPRequest */ = {
			isa = PBXGroup;
			children = (
				BE27FC5813FC4196009279C1 /* Classes */,
				BE27FCAB13FC4196009279C1 /* External */,
			);
			name = ASIHTTPRequest;
			path = "Library Card";
			sourceTree = "<group>";
		};
		BE27FC5813FC4196009279C1 /* Classes */ = {
			isa = PBXGroup;
			children = (
				BE27FC5913FC4196009279C1 /* ASIAuthenticationDialog.h */,
				BE27FC5A13FC4196009279C1 /* ASIAuthenticationDialog.m */,
				BE27FC5B13FC4196009279C1 /* ASICacheDelegate.h */,
				BE27FC5C13FC4196009279C1 /* ASIDataCompressor.h */,
				BE27FC5D13FC4196009279C1 /* ASIDataCompressor.m */,
				BE27FC5E13FC4196009279C1 /* ASIDataDecompressor.h */,
				BE27FC5F13FC4196009279C1 /* ASIDataDecompressor.m */,
				BE27FC6013FC4196009279C1 /* ASIDownloadCache.h */,
				BE27FC6113FC4196009279C1 /* ASIDownloadCache.m */,
				BE27FC6213FC4196009279C1 /* ASIFormDataRequest.h */,
				BE27FC6313FC4196009279C1 /* ASIFormDataRequest.m */,
				BE27FC6413FC4196009279C1 /* ASIHTTPRequest.h */,
				BE27FC6513FC4196009279C1 /* ASIHTTPRequest.m */,
				BE27FC6613FC4196009279C1 /* ASIHTTPRequestConfig.h */,
				BE27FC6713FC4196009279C1 /* ASIHTTPRequestDelegate.h */,
				BE27FC6813FC4196009279C1 /* ASIInputStream.h */,
				BE27FC6913FC4196009279C1 /* ASIInputStream.m */,
				BE27FC6A13FC4196009279C1 /* ASINetworkQueue.h */,
				BE27FC6B13FC4196009279C1 /* ASINetworkQueue.m */,
				BE27FC6C13FC4196009279C1 /* ASIProgressDelegate.h */,
				BE27FC6D13FC4196009279C1 /* ASIWebPageRequest */,
				BE27FC7013FC4196009279C1 /* CloudFiles */,
				BE27FC7F13FC4196009279C1 /* S3 */,
			);
			path = Classes;
			sourceTree = "<group>";
		};
		BE27FC6D13FC4196009279C1 /* ASIWebPageRequest */ = {
			isa = PBXGroup;
			children = (
				BE27FC6E13FC4196009279C1 /* ASIWebPageRequest.h */,
				BE27FC6F13FC4196009279C1 /* ASIWebPageRequest.m */,
			);
			path = ASIWebPageRequest;
			sourceTree = "<group>";
		};
		BE27FC7013FC4196009279C1 /* CloudFiles */ = {
			isa = PBXGroup;
			children = (
				BE27FC7113FC4196009279C1 /* ASICloudFilesCDNRequest.h */,
				BE27FC7213FC4196009279C1 /* ASICloudFilesCDNRequest.m */,
				BE27FC7313FC4196009279C1 /* ASICloudFilesContainer.h */,
				BE27FC7413FC4196009279C1 /* ASICloudFilesContainer.m */,
				BE27FC7513FC4196009279C1 /* ASICloudFilesContainerRequest.h */,
				BE27FC7613FC4196009279C1 /* ASICloudFilesContainerRequest.m */,
				BE27FC7713FC4196009279C1 /* ASICloudFilesContainerXMLParserDelegate.h */,
				BE27FC7813FC4196009279C1 /* ASICloudFilesContainerXMLParserDelegate.m */,
				BE27FC7913FC4196009279C1 /* ASICloudFilesObject.h */,
				BE27FC7A13FC4196009279C1 /* ASICloudFilesObject.m */,
				BE27FC7B13FC4196009279C1 /* ASICloudFilesObjectRequest.h */,
				BE27FC7C13FC4196009279C1 /* ASICloudFilesObjectRequest.m */,
				BE27FC7D13FC4196009279C1 /* ASICloudFilesRequest.h */,
				BE27FC7E13FC4196009279C1 /* ASICloudFilesRequest.m */,
			);
			path = CloudFiles;
			sourceTree = "<group>";
		};
		BE27FC7F13FC4196009279C1 /* S3 */ = {
			isa = PBXGroup;
			children = (
				BE27FC8013FC4196009279C1 /* ASINSXMLParserCompat.h */,
				BE27FC8113FC4196009279C1 /* ASIS3Bucket.h */,
				BE27FC8213FC4196009279C1 /* ASIS3Bucket.m */,
				BE27FC8313FC4196009279C1 /* ASIS3BucketObject.h */,
				BE27FC8413FC4196009279C1 /* ASIS3BucketObject.m */,
				BE27FC8513FC4196009279C1 /* ASIS3BucketRequest.h */,
				BE27FC8613FC4196009279C1 /* ASIS3BucketRequest.m */,
				BE27FC8713FC4196009279C1 /* ASIS3ObjectRequest.h */,
				BE27FC8813FC4196009279C1 /* ASIS3ObjectRequest.m */,
				BE27FC8913FC4196009279C1 /* ASIS3Request.h */,
				BE27FC8A13FC4196009279C1 /* ASIS3Request.m */,
				BE27FC8B13FC4196009279C1 /* ASIS3ServiceRequest.h */,
				BE27FC8C13FC4196009279C1 /* ASIS3ServiceRequest.m */,
			);
			path = S3;
			sourceTree = "<group>";
		};
		BE27FCAB13FC4196009279C1 /* External */ = {
			isa = PBXGroup;
			children = (
				BE27FCAC13FC4196009279C1 /* GHUnit */,
				BE27FCAE13FC4196009279C1 /* Reachability */,
			);
			path = External;
			sourceTree = "<group>";
		};
		BE27FCAC13FC4196009279C1 /* GHUnit */ = {
			isa = PBXGroup;
			children = (
				BE27FCAD13FC4196009279C1 /* README-GHUnit */,
			);
			path = GHUnit;
			sourceTree = "<group>";
		};
		BE27FCAE13FC4196009279C1 /* Reachability */ = {
			isa = PBXGroup;
			children = (
				BE27FCAF13FC4196009279C1 /* Reachability.h */,
				BE27FCB013FC4196009279C1 /* Reachability.m */,
			);
			path = Reachability;
			sourceTree = "<group>";
		};
		BE27FCE413FC46B2009279C1 /* SBJson */ = {
			isa = PBXGroup;
			children = (
				BE27FCE513FC46B2009279C1 /* JSON.h */,
				BE27FCE613FC46B2009279C1 /* NSObject+SBJson.h */,
				BE27FCE713FC46B2009279C1 /* NSObject+SBJson.m */,
				BE27FCE813FC46B2009279C1 /* SBJson.h */,
				BE27FCE913FC46B2009279C1 /* SBJsonParser.h */,
				BE27FCEA13FC46B2009279C1 /* SBJsonParser.m */,
				BE27FCEB13FC46B2009279C1 /* SBJsonStreamParser.h */,
				BE27FCEC13FC46B2009279C1 /* SBJsonStreamParser.m */,
				BE27FCED13FC46B2009279C1 /* SBJsonStreamParserAccumulator.h */,
				BE27FCEE13FC46B2009279C1 /* SBJsonStreamParserAccumulator.m */,
				BE27FCEF13FC46B2009279C1 /* SBJsonStreamParserAdapter.h */,
				BE27FCF013FC46B2009279C1 /* SBJsonStreamParserAdapter.m */,
				BE27FCF113FC46B2009279C1 /* SBJsonStreamParserState.h */,
				BE27FCF213FC46B2009279C1 /* SBJsonStreamParserState.m */,
				BE27FCF313FC46B2009279C1 /* SBJsonStreamWriter.h */,
				BE27FCF413FC46B2009279C1 /* SBJsonStreamWriter.m */,
				BE27FCF513FC46B2009279C1 /* SBJsonStreamWriterAccumulator.h */,
				BE27FCF613FC46B2009279C1 /* SBJsonStreamWriterAccumulator.m */,
				BE27FCF713FC46B2009279C1 /* SBJsonStreamWriterState.h */,
				BE27FCF813FC46B2009279C1 /* SBJsonStreamWriterState.m */,
				BE27FCF913FC46B2009279C1 /* SBJsonTokeniser.h */,
				BE27FCFA13FC46B2009279C1 /* SBJsonTokeniser.m */,
				BE27FCFB13FC46B2009279C1 /* SBJsonUTF8Stream.h */,
				BE27FCFC13FC46B2009279C1 /* SBJsonUTF8Stream.m */,
				BE27FCFD13FC46B2009279C1 /* SBJsonWriter.h */,
				BE27FCFE13FC46B2009279C1 /* SBJsonWriter.m */,
			);
			path = SBJson;
			sourceTree = "<group>";
		};
		BE27FD1213FC4878009279C1 /* MBProgressHUD */ = {
			isa = PBXGroup;
			children = (
				BE27FD1513FC4878009279C1 /* MBProgressHUD.h */,
				BE27FD1613FC4878009279C1 /* MBProgressHUD.m */,
			);
			path = MBProgressHUD;
			sourceTree = "<group>";
		};
		BE27FD1A13FC4881009279C1 /* External */ = {
			isa = PBXGroup;
			children = (
				BE27FD1213FC4878009279C1 /* MBProgressHUD */,
				BE27FCE413FC46B2009279C1 /* SBJson */,
				BE27FBD713FC4019009279C1 /* ASIHTTPRequest */,
				BE2380BB13FC108D005AAA98 /* ZBarSDK */,
			);
			name = External;
			sourceTree = "<group>";
		};
		BE876BF713F6874B006C7ECD = {
			isa = PBXGroup;
			children = (
				BE876C0A13F6874C006C7ECD /* Library Card */,
				BE27FD1A13FC4881009279C1 /* External */,
				BE876C3613F6874D006C7ECD /* Library CardTests */,
				BE876C0513F6874C006C7ECD /* Frameworks */,
				BE876C0313F6874C006C7ECD /* Products */,
			);
			sourceTree = "<group>";
		};
		BE876C0313F6874C006C7ECD /* Products */ = {
			isa = PBXGroup;
			children = (
				BE876C0213F6874C006C7ECD /* Library Card.app */,
				BE876C2F13F6874D006C7ECD /* Library CardTests.octest */,
			);
			name = Products;
			sourceTree = "<group>";
		};
		BE876C0513F6874C006C7ECD /* Frameworks */ = {
			isa = PBXGroup;
			children = (
				BE27FCD813FC4278009279C1 /* libxml2.dylib */,
				BE27FCDE13FC42FF009279C1 /* libz.dylib */,
				BE27FCDC13FC42F1009279C1 /* MobileCoreServices.framework */,
				BE27FCDA13FC42DC009279C1 /* SystemConfiguration.framework */,
				BE27FBD413FC4007009279C1 /* CFNetwork.framework */,
				BE2380F013FC1A46005AAA98 /* libiconv.dylib */,
				BE2380EE13FC1A0D005AAA98 /* CoreVideo.framework */,
				BE2380EC13FC1A06005AAA98 /* CoreMedia.framework */,
				BE2380EA13FC19FA005AAA98 /* AVFoundation.framework */,
				BE2380E813FC19C9005AAA98 /* QuartzCore.framework */,
				BE2380E613FC18F9005AAA98 /* CoreGraphics.framework */,
				BE876C4B13F689A6006C7ECD /* CoreData.framework */,
				BE876C0613F6874C006C7ECD /* UIKit.framework */,
				BE876C0813F6874C006C7ECD /* Foundation.framework */,
				BE876C3013F6874D006C7ECD /* SenTestingKit.framework */,
			);
			name = Frameworks;
			sourceTree = "<group>";
		};
		BE876C0A13F6874C006C7ECD /* Library Card */ = {
			isa = PBXGroup;
			children = (
				BE876C5B13F6AA52006C7ECD /* Table View Cells */,
				BE876C4E13F68FD3006C7ECD /* View Controllers */,
				BE876C4D13F68FC6006C7ECD /* Model */,
				BE876C1313F6874C006C7ECD /* LCAppDelegate.h */,
				BE876C1413F6874C006C7ECD /* LCAppDelegate.m */,
				BE876C1613F6874C006C7ECD /* MainStoryboard_iPhone.storyboard */,
				BE876C1913F6874C006C7ECD /* MainStoryboard_iPad.storyboard */,
				BE876C0B13F6874C006C7ECD /* Supporting Files */,
			);
			path = "Library Card";
			sourceTree = "<group>";
		};
		BE876C0B13F6874C006C7ECD /* Supporting Files */ = {
			isa = PBXGroup;
			children = (
				BE876C0C13F6874C006C7ECD /* Library Card-Info.plist */,
				BE876C0D13F6874C006C7ECD /* InfoPlist.strings */,
				BE876C1013F6874C006C7ECD /* main.m */,
				BE876C1213F6874C006C7ECD /* Library Card-Prefix.pch */,
			);
			name = "Supporting Files";
			sourceTree = "<group>";
		};
		BE876C3613F6874D006C7ECD /* Library CardTests */ = {
			isa = PBXGroup;
			children = (
				BE876C3C13F6874D006C7ECD /* Library_CardTests.h */,
				BE876C3D13F6874D006C7ECD /* Library_CardTests.m */,
				BE876C3713F6874D006C7ECD /* Supporting Files */,
			);
			path = "Library CardTests";
			sourceTree = "<group>";
		};
		BE876C3713F6874D006C7ECD /* Supporting Files */ = {
			isa = PBXGroup;
			children = (
				BE876C3813F6874D006C7ECD /* Library CardTests-Info.plist */,
				BE876C3913F6874D006C7ECD /* InfoPlist.strings */,
			);
			name = "Supporting Files";
			sourceTree = "<group>";
		};
		BE876C4D13F68FC6006C7ECD /* Model */ = {
			isa = PBXGroup;
			children = (
				BE876C4F13F69033006C7ECD /* LibraryCard.xcdatamodeld */,
				BE27FCE013FC4591009279C1 /* Book.h */,
				BE27FCE113FC4591009279C1 /* Book.m */,
				BE876C5513F696AD006C7ECD /* Shelf.h */,
				BE876C5613F696AD006C7ECD /* Shelf.m */,
			);
			name = Model;
			sourceTree = "<group>";
		};
		BE876C4E13F68FD3006C7ECD /* View Controllers */ = {
			isa = PBXGroup;
			children = (
				BE876C1C13F6874C006C7ECD /* LCFirstViewController.h */,
				BE876C1D13F6874C006C7ECD /* LCFirstViewController.m */,
				BE876C2313F6874C006C7ECD /* LCSecondViewController.h */,
				BE876C2413F6874C006C7ECD /* LCSecondViewController.m */,
				BE876C6213F8E17B006C7ECD /* LCBookListTableViewController.h */,
				BE876C6313F8E17B006C7ECD /* LCBookListTableViewController.m */,
				BE876C5813F69755006C7ECD /* LCBookTableViewController.h */,
				BE876C5913F69755006C7ECD /* LCBookTableViewController.m */,
				BE2380DF13FC1496005AAA98 /* LCBarcodeScannerViewController.h */,
				BE2380E013FC1496005AAA98 /* LCBarcodeScannerViewController.m */,
				BE5D96FE13FCA036001FB9CE /* LCBookLookup.h */,
				BE5D96FF13FCA036001FB9CE /* LCBookLookup.m */,
			);
			name = "View Controllers";
			sourceTree = "<group>";
		};
		BE876C5B13F6AA52006C7ECD /* Table View Cells */ = {
			isa = PBXGroup;
			children = (
				BE876C5C13F6AA8C006C7ECD /* LCLabeledInputCell.h */,
				BE876C5D13F6AA8C006C7ECD /* LCLabeledInputCell.m */,
				BE876C6513F93BD0006C7ECD /* LCBookCell.h */,
				BE876C6613F93BD0006C7ECD /* LCBookCell.m */,
			);
			name = "Table View Cells";
			sourceTree = "<group>";
		};
/* End PBXGroup section */

/* Begin PBXNativeTarget section */
		BE876C0113F6874C006C7ECD /* Library Card */ = {
			isa = PBXNativeTarget;
			buildConfigurationList = BE876C4113F6874D006C7ECD /* Build configuration list for PBXNativeTarget "Library Card" */;
			buildPhases = (
				BE876BFE13F6874C006C7ECD /* Sources */,
				BE876BFF13F6874C006C7ECD /* Frameworks */,
				BE876C0013F6874C006C7ECD /* Resources */,
			);
			buildRules = (
			);
			dependencies = (
			);
			name = "Library Card";
			productName = "Library Card";
			productReference = BE876C0213F6874C006C7ECD /* Library Card.app */;
			productType = "com.apple.product-type.application";
		};
		BE876C2E13F6874D006C7ECD /* Library CardTests */ = {
			isa = PBXNativeTarget;
			buildConfigurationList = BE876C4413F6874D006C7ECD /* Build configuration list for PBXNativeTarget "Library CardTests" */;
			buildPhases = (
				BE876C2A13F6874D006C7ECD /* Sources */,
				BE876C2B13F6874D006C7ECD /* Frameworks */,
				BE876C2C13F6874D006C7ECD /* Resources */,
				BE876C2D13F6874D006C7ECD /* ShellScript */,
			);
			buildRules = (
			);
			dependencies = (
				BE876C3513F6874D006C7ECD /* PBXTargetDependency */,
			);
			name = "Library CardTests";
			productName = "Library CardTests";
			productReference = BE876C2F13F6874D006C7ECD /* Library CardTests.octest */;
			productType = "com.apple.product-type.bundle";
		};
/* End PBXNativeTarget section */

/* Begin PBXProject section */
		BE876BF913F6874B006C7ECD /* Project object */ = {
			isa = PBXProject;
			attributes = {
				LastUpgradeCheck = 0420;
			};
			buildConfigurationList = BE876BFC13F6874B006C7ECD /* Build configuration list for PBXProject "Library Card" */;
			compatibilityVersion = "Xcode 3.2";
			developmentRegion = English;
			hasScannedForEncodings = 0;
			knownRegions = (
				en,
			);
			mainGroup = BE876BF713F6874B006C7ECD;
			productRefGroup = BE876C0313F6874C006C7ECD /* Products */;
			projectDirPath = "";
			projectRoot = "";
			targets = (
				BE876C0113F6874C006C7ECD /* Library Card */,
				BE876C2E13F6874D006C7ECD /* Library CardTests */,
			);
		};
/* End PBXProject section */

/* Begin PBXResourcesBuildPhase section */
		BE876C0013F6874C006C7ECD /* Resources */ = {
			isa = PBXResourcesBuildPhase;
			buildActionMask = 2147483647;
			files = (
				BE876C0F13F6874C006C7ECD /* InfoPlist.strings in Resources */,
				BE876C1813F6874C006C7ECD /* MainStoryboard_iPhone.storyboard in Resources */,
				BE876C1B13F6874C006C7ECD /* MainStoryboard_iPad.storyboard in Resources */,
				BE2380DA13FC108D005AAA98 /* zbar-back.png in Resources */,
				BE2380DB13FC108D005AAA98 /* zbar-help.html in Resources */,
				BE2380DC13FC108D005AAA98 /* zbar-helpicons.png in Resources */,
				BE2380DD13FC108D005AAA98 /* zbar-samples.png in Resources */,
				BE27FCD613FC4196009279C1 /* README-GHUnit in Resources */,
			);
			runOnlyForDeploymentPostprocessing = 0;
		};
		BE876C2C13F6874D006C7ECD /* Resources */ = {
			isa = PBXResourcesBuildPhase;
			buildActionMask = 2147483647;
			files = (
				BE876C3B13F6874D006C7ECD /* InfoPlist.strings in Resources */,
			);
			runOnlyForDeploymentPostprocessing = 0;
		};
/* End PBXResourcesBuildPhase section */

/* Begin PBXShellScriptBuildPhase section */
		BE876C2D13F6874D006C7ECD /* ShellScript */ = {
			isa = PBXShellScriptBuildPhase;
			buildActionMask = 2147483647;
			files = (
			);
			inputPaths = (
			);
			outputPaths = (
			);
			runOnlyForDeploymentPostprocessing = 0;
			shellPath = /bin/sh;
			shellScript = "# Run the unit tests in this test bundle.\n\"${SYSTEM_DEVELOPER_DIR}/Tools/RunUnitTests\"\n";
		};
/* End PBXShellScriptBuildPhase section */

/* Begin PBXSourcesBuildPhase section */
		BE876BFE13F6874C006C7ECD /* Sources */ = {
			isa = PBXSourcesBuildPhase;
			buildActionMask = 2147483647;
			files = (
				BE876C1113F6874C006C7ECD /* main.m in Sources */,
				BE876C1513F6874C006C7ECD /* LCAppDelegate.m in Sources */,
				BE876C1E13F6874C006C7ECD /* LCFirstViewController.m in Sources */,
				BE876C2513F6874C006C7ECD /* LCSecondViewController.m in Sources */,
				BE876C5113F69033006C7ECD /* LibraryCard.xcdatamodeld in Sources */,
				BE876C5713F696AD006C7ECD /* Shelf.m in Sources */,
				BE876C5A13F69755006C7ECD /* LCBookTableViewController.m in Sources */,
				BE876C5E13F6AA8C006C7ECD /* LCLabeledInputCell.m in Sources */,
				BE876C6413F8E17B006C7ECD /* LCBookListTableViewController.m in Sources */,
				BE876C6713F93BD0006C7ECD /* LCBookCell.m in Sources */,
				BE2380E113FC1496005AAA98 /* LCBarcodeScannerViewController.m in Sources */,
				BE27FCB113FC4196009279C1 /* ASIAuthenticationDialog.m in Sources */,
				BE27FCB213FC4196009279C1 /* ASIDataCompressor.m in Sources */,
				BE27FCB313FC4196009279C1 /* ASIDataDecompressor.m in Sources */,
				BE27FCB413FC4196009279C1 /* ASIDownloadCache.m in Sources */,
				BE27FCB513FC4196009279C1 /* ASIFormDataRequest.m in Sources */,
				BE27FCB613FC4196009279C1 /* ASIHTTPRequest.m in Sources */,
				BE27FCB713FC4196009279C1 /* ASIInputStream.m in Sources */,
				BE27FCB813FC4196009279C1 /* ASINetworkQueue.m in Sources */,
				BE27FCB913FC4196009279C1 /* ASIWebPageRequest.m in Sources */,
				BE27FCBA13FC4196009279C1 /* ASICloudFilesCDNRequest.m in Sources */,
				BE27FCBB13FC4196009279C1 /* ASICloudFilesContainer.m in Sources */,
				BE27FCBC13FC4196009279C1 /* ASICloudFilesContainerRequest.m in Sources */,
				BE27FCBD13FC4196009279C1 /* ASICloudFilesContainerXMLParserDelegate.m in Sources */,
				BE27FCBE13FC4196009279C1 /* ASICloudFilesObject.m in Sources */,
				BE27FCBF13FC4196009279C1 /* ASICloudFilesObjectRequest.m in Sources */,
				BE27FCC013FC4196009279C1 /* ASICloudFilesRequest.m in Sources */,
				BE27FCC113FC4196009279C1 /* ASIS3Bucket.m in Sources */,
				BE27FCC213FC4196009279C1 /* ASIS3BucketObject.m in Sources */,
				BE27FCC313FC4196009279C1 /* ASIS3BucketRequest.m in Sources */,
				BE27FCC413FC4196009279C1 /* ASIS3ObjectRequest.m in Sources */,
				BE27FCC513FC4196009279C1 /* ASIS3Request.m in Sources */,
				BE27FCC613FC4196009279C1 /* ASIS3ServiceRequest.m in Sources */,
				BE27FCD713FC4196009279C1 /* Reachability.m in Sources */,
				BE27FCE213FC4591009279C1 /* Book.m in Sources */,
				BE27FCFF13FC46B2009279C1 /* NSObject+SBJson.m in Sources */,
				BE27FD0013FC46B2009279C1 /* SBJsonParser.m in Sources */,
				BE27FD0113FC46B2009279C1 /* SBJsonStreamParser.m in Sources */,
				BE27FD0213FC46B2009279C1 /* SBJsonStreamParserAccumulator.m in Sources */,
				BE27FD0313FC46B2009279C1 /* SBJsonStreamParserAdapter.m in Sources */,
				BE27FD0413FC46B2009279C1 /* SBJsonStreamParserState.m in Sources */,
				BE27FD0513FC46B2009279C1 /* SBJsonStreamWriter.m in Sources */,
				BE27FD0613FC46B2009279C1 /* SBJsonStreamWriterAccumulator.m in Sources */,
				BE27FD0713FC46B2009279C1 /* SBJsonStreamWriterState.m in Sources */,
				BE27FD0813FC46B2009279C1 /* SBJsonTokeniser.m in Sources */,
				BE27FD0913FC46B2009279C1 /* SBJsonUTF8Stream.m in Sources */,
				BE27FD0A13FC46B2009279C1 /* SBJsonWriter.m in Sources */,
				BE27FD1913FC4878009279C1 /* MBProgressHUD.m in Sources */,
				BE5D970013FCA036001FB9CE /* LCBookLookup.m in Sources */,
			);
			runOnlyForDeploymentPostprocessing = 0;
		};
		BE876C2A13F6874D006C7ECD /* Sources */ = {
			isa = PBXSourcesBuildPhase;
			buildActionMask = 2147483647;
			files = (
				BE876C3E13F6874D006C7ECD /* Library_CardTests.m in Sources */,
			);
			runOnlyForDeploymentPostprocessing = 0;
		};
/* End PBXSourcesBuildPhase section */

/* Begin PBXTargetDependency section */
		BE876C3513F6874D006C7ECD /* PBXTargetDependency */ = {
			isa = PBXTargetDependency;
			target = BE876C0113F6874C006C7ECD /* Library Card */;
			targetProxy = BE876C3413F6874D006C7ECD /* PBXContainerItemProxy */;
		};
/* End PBXTargetDependency section */

/* Begin PBXVariantGroup section */
		BE876C0D13F6874C006C7ECD /* InfoPlist.strings */ = {
			isa = PBXVariantGroup;
			children = (
				BE876C0E13F6874C006C7ECD /* en */,
			);
			name = InfoPlist.strings;
			sourceTree = "<group>";
		};
		BE876C1613F6874C006C7ECD /* MainStoryboard_iPhone.storyboard */ = {
			isa = PBXVariantGroup;
			children = (
				BE876C1713F6874C006C7ECD /* en */,
			);
			name = MainStoryboard_iPhone.storyboard;
			sourceTree = "<group>";
		};
		BE876C1913F6874C006C7ECD /* MainStoryboard_iPad.storyboard */ = {
			isa = PBXVariantGroup;
			children = (
				BE876C1A13F6874C006C7ECD /* en */,
			);
			name = MainStoryboard_iPad.storyboard;
			sourceTree = "<group>";
		};
		BE876C3913F6874D006C7ECD /* InfoPlist.strings */ = {
			isa = PBXVariantGroup;
			children = (
				BE876C3A13F6874D006C7ECD /* en */,
			);
			name = InfoPlist.strings;
			sourceTree = "<group>";
		};
/* End PBXVariantGroup section */

/* Begin XCBuildConfiguration section */
		BE876C3F13F6874D006C7ECD /* Debug */ = {
			isa = XCBuildConfiguration;
			buildSettings = {
				ALWAYS_SEARCH_USER_PATHS = NO;
				ARCHS = "$(ARCHS_STANDARD_32_BIT)";
				CLANG_ENABLE_OBJC_ARC = YES;
				"CODE_SIGN_IDENTITY[sdk=iphoneos*]" = "iPhone Developer";
				COPY_PHASE_STRIP = NO;
				GCC_C_LANGUAGE_STANDARD = gnu99;
				GCC_DYNAMIC_NO_PIC = NO;
				GCC_OPTIMIZATION_LEVEL = 0;
				GCC_PREPROCESSOR_DEFINITIONS = (
					"DEBUG=1",
					"$(inherited)",
				);
				GCC_SYMBOLS_PRIVATE_EXTERN = NO;
				GCC_VERSION = com.apple.compilers.llvm.clang.1_0;
				GCC_WARN_ABOUT_MISSING_PROTOTYPES = YES;
				GCC_WARN_ABOUT_RETURN_TYPE = YES;
				GCC_WARN_UNUSED_VARIABLE = YES;
				IPHONEOS_DEPLOYMENT_TARGET = 5.0;
				SDKROOT = iphoneos;
				TARGETED_DEVICE_FAMILY = "1,2";
			};
			name = Debug;
		};
		BE876C4013F6874D006C7ECD /* Release */ = {
			isa = XCBuildConfiguration;
			buildSettings = {
				ALWAYS_SEARCH_USER_PATHS = NO;
				ARCHS = "$(ARCHS_STANDARD_32_BIT)";
				CLANG_ENABLE_OBJC_ARC = YES;
				"CODE_SIGN_IDENTITY[sdk=iphoneos*]" = "iPhone Developer";
				COPY_PHASE_STRIP = YES;
				GCC_C_LANGUAGE_STANDARD = gnu99;
				GCC_VERSION = com.apple.compilers.llvm.clang.1_0;
				GCC_WARN_ABOUT_MISSING_PROTOTYPES = YES;
				GCC_WARN_ABOUT_RETURN_TYPE = YES;
				GCC_WARN_UNUSED_VARIABLE = YES;
				IPHONEOS_DEPLOYMENT_TARGET = 5.0;
				OTHER_CFLAGS = "-DNS_BLOCK_ASSERTIONS=1";
				SDKROOT = iphoneos;
				TARGETED_DEVICE_FAMILY = "1,2";
				VALIDATE_PRODUCT = YES;
			};
			name = Release;
		};
		BE876C4213F6874D006C7ECD /* Debug */ = {
			isa = XCBuildConfiguration;
			buildSettings = {
				GCC_PRECOMPILE_PREFIX_HEADER = YES;
				GCC_PREFIX_HEADER = "Library Card/Library Card-Prefix.pch";
				HEADER_SEARCH_PATHS = "${SDK_DIR}/usr/include/libxml2";
				INFOPLIST_FILE = "Library Card/Library Card-Info.plist";
				LIBRARY_SEARCH_PATHS = (
					"$(inherited)",
					"\"$(SRCROOT)/ZBarSDK\"",
				);
				PRODUCT_NAME = "$(TARGET_NAME)";
				WRAPPER_EXTENSION = app;
			};
			name = Debug;
		};
		BE876C4313F6874D006C7ECD /* Release */ = {
			isa = XCBuildConfiguration;
			buildSettings = {
				GCC_PRECOMPILE_PREFIX_HEADER = YES;
				GCC_PREFIX_HEADER = "Library Card/Library Card-Prefix.pch";
				HEADER_SEARCH_PATHS = "${SDK_DIR}/usr/include/libxml2";
				INFOPLIST_FILE = "Library Card/Library Card-Info.plist";
				LIBRARY_SEARCH_PATHS = (
					"$(inherited)",
					"\"$(SRCROOT)/ZBarSDK\"",
				);
				PRODUCT_NAME = "$(TARGET_NAME)";
				WRAPPER_EXTENSION = app;
			};
			name = Release;
		};
		BE876C4513F6874D006C7ECD /* Debug */ = {
			isa = XCBuildConfiguration;
			buildSettings = {
				BUNDLE_LOADER = "$(BUILT_PRODUCTS_DIR)/Library Card.app/Library Card";
				FRAMEWORK_SEARCH_PATHS = (
					"$(SDKROOT)/Developer/Library/Frameworks",
					"$(DEVELOPER_LIBRARY_DIR)/Frameworks",
				);
				GCC_PRECOMPILE_PREFIX_HEADER = YES;
				GCC_PREFIX_HEADER = "Library Card/Library Card-Prefix.pch";
				INFOPLIST_FILE = "Library CardTests/Library CardTests-Info.plist";
				PRODUCT_NAME = "$(TARGET_NAME)";
				TEST_HOST = "$(BUNDLE_LOADER)";
				WRAPPER_EXTENSION = octest;
			};
			name = Debug;
		};
		BE876C4613F6874D006C7ECD /* Release */ = {
			isa = XCBuildConfiguration;
			buildSettings = {
				BUNDLE_LOADER = "$(BUILT_PRODUCTS_DIR)/Library Card.app/Library Card";
				FRAMEWORK_SEARCH_PATHS = (
					"$(SDKROOT)/Developer/Library/Frameworks",
					"$(DEVELOPER_LIBRARY_DIR)/Frameworks",
				);
				GCC_PRECOMPILE_PREFIX_HEADER = YES;
				GCC_PREFIX_HEADER = "Library Card/Library Card-Prefix.pch";
				INFOPLIST_FILE = "Library CardTests/Library CardTests-Info.plist";
				PRODUCT_NAME = "$(TARGET_NAME)";
				TEST_HOST = "$(BUNDLE_LOADER)";
				WRAPPER_EXTENSION = octest;
			};
			name = Release;
		};
/* End XCBuildConfiguration section */

/* Begin XCConfigurationList section */
		BE876BFC13F6874B006C7ECD /* Build configuration list for PBXProject "Library Card" */ = {
			isa = XCConfigurationList;
			buildConfigurations = (
				BE876C3F13F6874D006C7ECD /* Debug */,
				BE876C4013F6874D006C7ECD /* Release */,
			);
			defaultConfigurationIsVisible = 0;
			defaultConfigurationName = Release;
		};
		BE876C4113F6874D006C7ECD /* Build configuration list for PBXNativeTarget "Library Card" */ = {
			isa = XCConfigurationList;
			buildConfigurations = (
				BE876C4213F6874D006C7ECD /* Debug */,
				BE876C4313F6874D006C7ECD /* Release */,
			);
			defaultConfigurationIsVisible = 0;
			defaultConfigurationName = Release;
		};
		BE876C4413F6874D006C7ECD /* Build configuration list for PBXNativeTarget "Library CardTests" */ = {
			isa = XCConfigurationList;
			buildConfigurations = (
				BE876C4513F6874D006C7ECD /* Debug */,
				BE876C4613F6874D006C7ECD /* Release */,
			);
			defaultConfigurationIsVisible = 0;
			defaultConfigurationName = Release;
		};
/* End XCConfigurationList section */

/* Begin XCVersionGroup section */
		BE876C4F13F69033006C7ECD /* LibraryCard.xcdatamodeld */ = {
			isa = XCVersionGroup;
			children = (
				BE876C5013F69033006C7ECD /* LibraryCard.xcdatamodel */,
			);
			currentVersion = BE876C5013F69033006C7ECD /* LibraryCard.xcdatamodel */;
			path = LibraryCard.xcdatamodeld;
			sourceTree = "<group>";
			versionGroupType = wrapper.xcdatamodel;
		};
/* End XCVersionGroup section */
	};
	rootObject = BE876BF913F6874B006C7ECD /* Project object */;
}
